
Microsoft Visual Studio Solution File, Format Version 12.00
Project("{FAE04EC0-301F-11D3-BF4B-00C04F79EFBC}") = "cast2", "cast2\cast2.csproj", "{45B7EAF7-E37F-4603-9B2A-3CA915677629}"
EndProject
Global
	GlobalSection(SolutionConfigurationPlatforms) = preSolution
		Debug|Any CPU = Debug|Any CPU
		Release|Any CPU = Release|Any CPU
	EndGlobalSection
	GlobalSection(ProjectConfigurationPlatforms) = postSolution
		{45B7EAF7-E37F-4603-9B2A-3CA915677629}.Debug|Any CPU.ActiveCfg = Debug|Any CPU
		{45B7EAF7-E37F-4603-9B2A-3CA915677629}.Debug|Any CPU.Build.0 = Debug|Any CPU
		{45B7EAF7-E37F-4603-9B2A-3CA915677629}.Release|Any CPU.ActiveCfg = Release|Any CPU
		{45B7EAF7-E37F-4603-9B2A-3CA915677629}.Release|Any CPU.Build.0 = Release|Any CPU
	EndGlobalSection
EndGlobal
